
Microsoft Visual Studio Solution File, Format Version 12.00
# Visual Studio Version 16
VisualStudioVersion = 16.0.32413.511
MinimumVisualStudioVersion = 10.0.40219.1
Project("{FAE04EC0-301F-11D3-BF4B-00C04F79EFBC}") = "Compressor", "Compressor\Compressor.csproj", "{8114BEE0-CDA7-4EA6-95E5-2AB975A64FFE}"
EndProject
Project("{54435603-DBB4-11D2-8724-00A0C9A8B90C}") = "CompressorSetup", "CompressorSetup\CompressorSetup.vdproj", "{CC2C8B23-41D0-486C-B59B-048B6A951B14}"
EndProject
Global
	GlobalSection(SolutionConfigurationPlatforms) = preSolution
		Debug|Any CPU = Debug|Any CPU
		Release|Any CPU = Release|Any CPU
	EndGlobalSection
	GlobalSection(ProjectConfigurationPlatforms) = postSolution
		{8114BEE0-CDA7-4EA6-95E5-2AB975A64FFE}.Debug|Any CPU.ActiveCfg = Debug|Any CPU
		{8114BEE0-CDA7-4EA6-95E5-2AB975A64FFE}.Debug|Any CPU.Build.0 = Debug|Any CPU
		{8114BEE0-CDA7-4EA6-95E5-2AB975A64FFE}.Release|Any CPU.ActiveCfg = Release|Any CPU
		{8114BEE0-CDA7-4EA6-95E5-2AB975A64FFE}.Release|Any CPU.Build.0 = Release|Any CPU
		{CC2C8B23-41D0-486C-B59B-048B6A951B14}.Debug|Any CPU.ActiveCfg = Debug
		{CC2C8B23-41D0-486C-B59B-048B6A951B14}.Release|Any CPU.ActiveCfg = Release
	EndGlobalSection
	GlobalSection(SolutionProperties) = preSolution
		HideSolutionNode = FALSE
	EndGlobalSection
	GlobalSection(ExtensibilityGlobals) = postSolution
		SolutionGuid = {CD2B2C03-45CC-4ECB-AD96-305DCDA2F9A2}
	EndGlobalSection
EndGlobal
